
Microsoft Visual Studio Solution File, Format Version 12.00
# Visual Studio Version 17
VisualStudioVersion = 17.13.35913.81 d17.13
MinimumVisualStudioVersion = 10.0.40219.1
Project("{FAE04EC0-301F-11D3-BF4B-00C04F79EFBC}") = "HelpPage", "HelpPage\HelpPage.csproj", "{6042864B-8506-4986-B3C1-2D914B57B56B}"
EndProject
Global
	GlobalSection(SolutionConfigurationPlatforms) = preSolution
		Debug|Any CPU = Debug|Any CPU
		Release|Any CPU = Release|Any CPU
	EndGlobalSection
	GlobalSection(ProjectConfigurationPlatforms) = postSolution
		{6042864B-8506-4986-B3C1-2D914B57B56B}.Debug|Any CPU.ActiveCfg = Debug|Any CPU
		{6042864B-8506-4986-B3C1-2D914B57B56B}.Debug|Any CPU.Build.0 = Debug|Any CPU
		{6042864B-8506-4986-B3C1-2D914B57B56B}.Release|Any CPU.ActiveCfg = Release|Any CPU
		{6042864B-8506-4986-B3C1-2D914B57B56B}.Release|Any CPU.Build.0 = Release|Any CPU
	EndGlobalSection
	GlobalSection(SolutionProperties) = preSolution
		HideSolutionNode = FALSE
	EndGlobalSection
	GlobalSection(ExtensibilityGlobals) = postSolution
		SolutionGuid = {BEBE102F-07AD-4EA5-814F-46F76C0201C9}
	EndGlobalSection
EndGlobal
